
Microsoft Visual Studio Solution File, Format Version 12.00
# Visual Studio Version 17
VisualStudioVersion = 17.2.32516.85
MinimumVisualStudioVersion = 10.0.40219.1
Project("{9A19103F-16F7-4668-BE54-9A1E7A4F7556}") = "Autoglass.Api", "Autoglass.Api\Autoglass.Api.csproj", "{B17586CF-D393-4B56-9237-0B174AC243E7}"
EndProject
Project("{2150E333-8FDC-42A3-9474-1A3956D46DE8}") = "src", "src", "{1376D384-07B2-4C34-AC7C-A5B03B75EA10}"
EndProject
Project("{2150E333-8FDC-42A3-9474-1A3956D46DE8}") = "test", "test", "{419B7378-979B-41AE-A5AC-F475A2C6EE7B}"
EndProject
Project("{9A19103F-16F7-4668-BE54-9A1E7A4F7556}") = "Autoglass.Domain", "Autoglass.Domain\Autoglass.Domain.csproj", "{174DB010-1D89-48DD-B3EB-86EE144627B2}"
EndProject
Project("{9A19103F-16F7-4668-BE54-9A1E7A4F7556}") = "Autoglass.Repository", "Autoglass.Repository\Autoglass.Repository.csproj", "{5DC420B9-F8D2-4E90-A6FB-1AF09B037F54}"
EndProject
Project("{9A19103F-16F7-4668-BE54-9A1E7A4F7556}") = "Autoglass.Service", "Autoglass.Serivce\Autoglass.Service.csproj", "{0C85169F-6A48-49D3-AA35-5F3A18C1F6E6}"
EndProject
Project("{FAE04EC0-301F-11D3-BF4B-00C04F79EFBC}") = "Autoglass.Tests", "Autoglass.Teste\Autoglass.Tests.csproj", "{F85F3B72-07F3-4BCE-9847-39AC6B0A9E95}"
EndProject
Global
	GlobalSection(SolutionConfigurationPlatforms) = preSolution
		Debug|Any CPU = Debug|Any CPU
		Release|Any CPU = Release|Any CPU
	EndGlobalSection
	GlobalSection(ProjectConfigurationPlatforms) = postSolution
		{B17586CF-D393-4B56-9237-0B174AC243E7}.Debug|Any CPU.ActiveCfg = Debug|Any CPU
		{B17586CF-D393-4B56-9237-0B174AC243E7}.Debug|Any CPU.Build.0 = Debug|Any CPU
		{B17586CF-D393-4B56-9237-0B174AC243E7}.Release|Any CPU.ActiveCfg = Release|Any CPU
		{B17586CF-D393-4B56-9237-0B174AC243E7}.Release|Any CPU.Build.0 = Release|Any CPU
		{174DB010-1D89-48DD-B3EB-86EE144627B2}.Debug|Any CPU.ActiveCfg = Debug|Any CPU
		{174DB010-1D89-48DD-B3EB-86EE144627B2}.Debug|Any CPU.Build.0 = Debug|Any CPU
		{174DB010-1D89-48DD-B3EB-86EE144627B2}.Release|Any CPU.ActiveCfg = Release|Any CPU
		{174DB010-1D89-48DD-B3EB-86EE144627B2}.Release|Any CPU.Build.0 = Release|Any CPU
		{5DC420B9-F8D2-4E90-A6FB-1AF09B037F54}.Debug|Any CPU.ActiveCfg = Debug|Any CPU
		{5DC420B9-F8D2-4E90-A6FB-1AF09B037F54}.Debug|Any CPU.Build.0 = Debug|Any CPU
		{5DC420B9-F8D2-4E90-A6FB-1AF09B037F54}.Release|Any CPU.ActiveCfg = Release|Any CPU
		{5DC420B9-F8D2-4E90-A6FB-1AF09B037F54}.Release|Any CPU.Build.0 = Release|Any CPU
		{0C85169F-6A48-49D3-AA35-5F3A18C1F6E6}.Debug|Any CPU.ActiveCfg = Debug|Any CPU
		{0C85169F-6A48-49D3-AA35-5F3A18C1F6E6}.Debug|Any CPU.Build.0 = Debug|Any CPU
		{0C85169F-6A48-49D3-AA35-5F3A18C1F6E6}.Release|Any CPU.ActiveCfg = Release|Any CPU
		{0C85169F-6A48-49D3-AA35-5F3A18C1F6E6}.Release|Any CPU.Build.0 = Release|Any CPU
		{F85F3B72-07F3-4BCE-9847-39AC6B0A9E95}.Debug|Any CPU.ActiveCfg = Debug|Any CPU
		{F85F3B72-07F3-4BCE-9847-39AC6B0A9E95}.Debug|Any CPU.Build.0 = Debug|Any CPU
		{F85F3B72-07F3-4BCE-9847-39AC6B0A9E95}.Release|Any CPU.ActiveCfg = Release|Any CPU
		{F85F3B72-07F3-4BCE-9847-39AC6B0A9E95}.Release|Any CPU.Build.0 = Release|Any CPU
	EndGlobalSection
	GlobalSection(SolutionProperties) = preSolution
		HideSolutionNode = FALSE
	EndGlobalSection
	GlobalSection(NestedProjects) = preSolution
		{B17586CF-D393-4B56-9237-0B174AC243E7} = {1376D384-07B2-4C34-AC7C-A5B03B75EA10}
		{174DB010-1D89-48DD-B3EB-86EE144627B2} = {1376D384-07B2-4C34-AC7C-A5B03B75EA10}
		{5DC420B9-F8D2-4E90-A6FB-1AF09B037F54} = {1376D384-07B2-4C34-AC7C-A5B03B75EA10}
		{0C85169F-6A48-49D3-AA35-5F3A18C1F6E6} = {1376D384-07B2-4C34-AC7C-A5B03B75EA10}
		{F85F3B72-07F3-4BCE-9847-39AC6B0A9E95} = {419B7378-979B-41AE-A5AC-F475A2C6EE7B}
	EndGlobalSection
	GlobalSection(ExtensibilityGlobals) = postSolution
		SolutionGuid = {F3866B1A-6CA3-45B5-BAF1-6280A3356E9B}
	EndGlobalSection
EndGlobal
